// !$*UTF8*$!
{
	archiveVersion = 1;
	classes = {
	};
	objectVersion = 50;
	objects = {

/* Begin PBXBuildFile section */
		FAFE0B892409025400064A6B /* AppDelegate.swift in Sources */ = {isa = PBXBuildFile; fileRef = FAFE0B882409025400064A6B /* AppDelegate.swift */; };
		FAFE0B8B2409025400064A6B /* SceneDelegate.swift in Sources */ = {isa = PBXBuildFile; fileRef = FAFE0B8A2409025400064A6B /* SceneDelegate.swift */; };
		FAFE0B8D2409025400064A6B /* ViewController.swift in Sources */ = {isa = PBXBuildFile; fileRef = FAFE0B8C2409025400064A6B /* ViewController.swift */; };
		FAFE0B902409025400064A6B /* Main.storyboard in Resources */ = {isa = PBXBuildFile; fileRef = FAFE0B8E2409025400064A6B /* Main.storyboard */; };
		FAFE0B922409025600064A6B /* Assets.xcassets in Resources */ = {isa = PBXBuildFile; fileRef = FAFE0B912409025600064A6B /* Assets.xcassets */; };
		FAFE0B952409025600064A6B /* LaunchScreen.storyboard in Resources */ = {isa = PBXBuildFile; fileRef = FAFE0B932409025600064A6B /* LaunchScreen.storyboard */; };
		FAFE0BA02409025600064A6B /* algorithm_swiftTests.swift in Sources */ = {isa = PBXBuildFile; fileRef = FAFE0B9F2409025600064A6B /* algorithm_swiftTests.swift */; };
		FAFE0BAB2409025600064A6B /* algorithm_swiftUITests.swift in Sources */ = {isa = PBXBuildFile; fileRef = FAFE0BAA2409025600064A6B /* algorithm_swiftUITests.swift */; };
/* End PBXBuildFile section */

/* Begin PBXContainerItemProxy section */
		FAFE0B9C2409025600064A6B /* PBXContainerItemProxy */ = {
			isa = PBXContainerItemProxy;
			containerPortal = FAFE0B7D2409025400064A6B /* Project object */;
			proxyType = 1;
			remoteGlobalIDString = FAFE0B842409025400064A6B;
			remoteInfo = "algorithm-swift";
		};
		FAFE0BA72409025600064A6B /* PBXContainerItemProxy */ = {
			isa = PBXContainerItemProxy;
			containerPortal = FAFE0B7D2409025400064A6B /* Project object */;
			proxyType = 1;
			remoteGlobalIDString = FAFE0B842409025400064A6B;
			remoteInfo = "algorithm-swift";
		};
/* End PBXContainerItemProxy section */

/* Begin PBXFileReference section */
		FAFE0B852409025400064A6B /* algorithm-swift.app */ = {isa = PBXFileReference; explicitFileType = wrapper.application; includeInIndex = 0; path = "algorithm-swift.app"; sourceTree = BUILT_PRODUCTS_DIR; };
		FAFE0B882409025400064A6B /* AppDelegate.swift */ = {isa = PBXFileReference; lastKnownFileType = sourcecode.swift; path = AppDelegate.swift; sourceTree = "<group>"; };
		FAFE0B8A2409025400064A6B /* SceneDelegate.swift */ = {isa = PBXFileReference; lastKnownFileType = sourcecode.swift; path = SceneDelegate.swift; sourceTree = "<group>"; };
		FAFE0B8C2409025400064A6B /* ViewController.swift */ = {isa = PBXFileReference; lastKnownFileType = sourcecode.swift; path = ViewController.swift; sourceTree = "<group>"; };
		FAFE0B8F2409025400064A6B /* Base */ = {isa = PBXFileReference; lastKnownFileType = file.storyboard; name = Base; path = Base.lproj/Main.storyboard; sourceTree = "<group>"; };
		FAFE0B912409025600064A6B /* Assets.xcassets */ = {isa = PBXFileReference; lastKnownFileType = folder.assetcatalog; path = Assets.xcassets; sourceTree = "<group>"; };
		FAFE0B942409025600064A6B /* Base */ = {isa = PBXFileReference; lastKnownFileType = file.storyboard; name = Base; path = Base.lproj/LaunchScreen.storyboard; sourceTree = "<group>"; };
		FAFE0B962409025600064A6B /* Info.plist */ = {isa = PBXFileReference; lastKnownFileType = text.plist.xml; path = Info.plist; sourceTree = "<group>"; };
		FAFE0B9B2409025600064A6B /* algorithm-swiftTests.xctest */ = {isa = PBXFileReference; explicitFileType = wrapper.cfbundle; includeInIndex = 0; path = "algorithm-swiftTests.xctest"; sourceTree = BUILT_PRODUCTS_DIR; };
		FAFE0B9F2409025600064A6B /* algorithm_swiftTests.swift */ = {isa = PBXFileReference; lastKnownFileType = sourcecode.swift; path = algorithm_swiftTests.swift; sourceTree = "<group>"; };
		FAFE0BA12409025600064A6B /* Info.plist */ = {isa = PBXFileReference; lastKnownFileType = text.plist.xml; path = Info.plist; sourceTree = "<group>"; };
		FAFE0BA62409025600064A6B /* algorithm-swiftUITests.xctest */ = {isa = PBXFileReference; explicitFileType = wrapper.cfbundle; includeInIndex = 0; path = "algorithm-swiftUITests.xctest"; sourceTree = BUILT_PRODUCTS_DIR; };
		FAFE0BAA2409025600064A6B /* algorithm_swiftUITests.swift */ = {isa = PBXFileReference; lastKnownFileType = sourcecode.swift; path = algorithm_swiftUITests.swift; sourceTree = "<group>"; };
		FAFE0BAC2409025600064A6B /* Info.plist */ = {isa = PBXFileReference; lastKnownFileType = text.plist.xml; path = Info.plist; sourceTree = "<group>"; };
/* End PBXFileReference section */

/* Begin PBXFrameworksBuildPhase section */
		FAFE0B822409025400064A6B /* Frameworks */ = {
			isa = PBXFrameworksBuildPhase;
			buildActionMask = 2147483647;
			files = (
			);
			runOnlyForDeploymentPostprocessing = 0;
		};
		FAFE0B982409025600064A6B /* Frameworks */ = {
			isa = PBXFrameworksBuildPhase;
			buildActionMask = 2147483647;
			files = (
			);
			runOnlyForDeploymentPostprocessing = 0;
		};
		FAFE0BA32409025600064A6B /* Frameworks */ = {
			isa = PBXFrameworksBuildPhase;
			buildActionMask = 2147483647;
			files = (
			);
			runOnlyForDeploymentPostprocessing = 0;
		};
/* End PBXFrameworksBuildPhase section */

/* Begin PBXGroup section */
		FAFE0B7C2409025400064A6B = {
			isa = PBXGroup;
			children = (
				FAFE0B872409025400064A6B /* algorithm-swift */,
				FAFE0B9E2409025600064A6B /* algorithm-swiftTests */,
				FAFE0BA92409025600064A6B /* algorithm-swiftUITests */,
				FAFE0B862409025400064A6B /* Products */,
			);
			sourceTree = "<group>";
		};
		FAFE0B862409025400064A6B /* Products */ = {
			isa = PBXGroup;
			children = (
				FAFE0B852409025400064A6B /* algorithm-swift.app */,
				FAFE0B9B2409025600064A6B /* algorithm-swiftTests.xctest */,
				FAFE0BA62409025600064A6B /* algorithm-swiftUITests.xctest */,
			);
			name = Products;
			sourceTree = "<group>";
		};
		FAFE0B872409025400064A6B /* algorithm-swift */ = {
			isa = PBXGroup;
			children = (
				FAFE0B882409025400064A6B /* AppDelegate.swift */,
				FAFE0B8A2409025400064A6B /* SceneDelegate.swift */,
				FAFE0B8C2409025400064A6B /* ViewController.swift */,
				FAFE0B8E2409025400064A6B /* Main.storyboard */,
				FAFE0B912409025600064A6B /* Assets.xcassets */,
				FAFE0B932409025600064A6B /* LaunchScreen.storyboard */,
				FAFE0B962409025600064A6B /* Info.plist */,
			);
			path = "algorithm-swift";
			sourceTree = "<group>";
		};
		FAFE0B9E2409025600064A6B /* algorithm-swiftTests */ = {
			isa = PBXGroup;
			children = (
				FAFE0B9F2409025600064A6B /* algorithm_swiftTests.swift */,
				FAFE0BA12409025600064A6B /* Info.plist */,
			);
			path = "algorithm-swiftTests";
			sourceTree = "<group>";
		};
		FAFE0BA92409025600064A6B /* algorithm-swiftUITests */ = {
			isa = PBXGroup;
			children = (
				FAFE0BAA2409025600064A6B /* algorithm_swiftUITests.swift */,
				FAFE0BAC2409025600064A6B /* Info.plist */,
			);
			path = "algorithm-swiftUITests";
			sourceTree = "<group>";
		};
/* End PBXGroup section */

/* Begin PBXNativeTarget section */
		FAFE0B842409025400064A6B /* algorithm-swift */ = {
			isa = PBXNativeTarget;
			buildConfigurationList = FAFE0BAF2409025600064A6B /* Build configuration list for PBXNativeTarget "algorithm-swift" */;
			buildPhases = (
				FAFE0B812409025400064A6B /* Sources */,
				FAFE0B822409025400064A6B /* Frameworks */,
				FAFE0B832409025400064A6B /* Resources */,
			);
			buildRules = (
			);
			dependencies = (
			);
			name = "algorithm-swift";
			productName = "algorithm-swift";
			productReference = FAFE0B852409025400064A6B /* algorithm-swift.app */;
			productType = "com.apple.product-type.application";
		};
		FAFE0B9A2409025600064A6B /* algorithm-swiftTests */ = {
			isa = PBXNativeTarget;
			buildConfigurationList = FAFE0BB22409025600064A6B /* Build configuration list for PBXNativeTarget "algorithm-swiftTests" */;
			buildPhases = (
				FAFE0B972409025600064A6B /* Sources */,
				FAFE0B982409025600064A6B /* Frameworks */,
				FAFE0B992409025600064A6B /* Resources */,
			);
			buildRules = (
			);
			dependencies = (
				FAFE0B9D2409025600064A6B /* PBXTargetDependency */,
			);
			name = "algorithm-swiftTests";
			productName = "algorithm-swiftTests";
			productReference = FAFE0B9B2409025600064A6B /* algorithm-swiftTests.xctest */;
			productType = "com.apple.product-type.bundle.unit-test";
		};
		FAFE0BA52409025600064A6B /* algorithm-swiftUITests */ = {
			isa = PBXNativeTarget;
			buildConfigurationList = FAFE0BB52409025600064A6B /* Build configuration list for PBXNativeTarget "algorithm-swiftUITests" */;
			buildPhases = (
				FAFE0BA22409025600064A6B /* Sources */,
				FAFE0BA32409025600064A6B /* Frameworks */,
				FAFE0BA42409025600064A6B /* Resources */,
			);
			buildRules = (
			);
			dependencies = (
				FAFE0BA82409025600064A6B /* PBXTargetDependency */,
			);
			name = "algorithm-swiftUITests";
			productName = "algorithm-swiftUITests";
			productReference = FAFE0BA62409025600064A6B /* algorithm-swiftUITests.xctest */;
			productType = "com.apple.product-type.bundle.ui-testing";
		};
/* End PBXNativeTarget section */

/* Begin PBXProject section */
		FAFE0B7D2409025400064A6B /* Project object */ = {
			isa = PBXProject;
			attributes = {
				LastSwiftUpdateCheck = 1110;
				LastUpgradeCheck = 1110;
				ORGANIZATIONNAME = miaoyuxuan;
				TargetAttributes = {
					FAFE0B842409025400064A6B = {
						CreatedOnToolsVersion = 11.1;
					};
					FAFE0B9A2409025600064A6B = {
						CreatedOnToolsVersion = 11.1;
						TestTargetID = FAFE0B842409025400064A6B;
					};
					FAFE0BA52409025600064A6B = {
						CreatedOnToolsVersion = 11.1;
						TestTargetID = FAFE0B842409025400064A6B;
					};
				};
			};
			buildConfigurationList = FAFE0B802409025400064A6B /* Build configuration list for PBXProject "algorithm-swift" */;
			compatibilityVersion = "Xcode 9.3";
			developmentRegion = en;
			hasScannedForEncodings = 0;
			knownRegions = (
				en,
				Base,
			);
			mainGroup = FAFE0B7C2409025400064A6B;
			productRefGroup = FAFE0B862409025400064A6B /* Products */;
			projectDirPath = "";
			projectRoot = "";
			targets = (
				FAFE0B842409025400064A6B /* algorithm-swift */,
				FAFE0B9A2409025600064A6B /* algorithm-swiftTests */,
				FAFE0BA52409025600064A6B /* algorithm-swiftUITests */,
			);
		};
/* End PBXProject section */

/* Begin PBXResourcesBuildPhase section */
		FAFE0B832409025400064A6B /* Resources */ = {
			isa = PBXResourcesBuildPhase;
			buildActionMask = 2147483647;
			files = (
				FAFE0B952409025600064A6B /* LaunchScreen.storyboard in Resources */,
				FAFE0B922409025600064A6B /* Assets.xcassets in Resources */,
				FAFE0B902409025400064A6B /* Main.storyboard in Resources */,
			);
			runOnlyForDeploymentPostprocessing = 0;
		};
		FAFE0B992409025600064A6B /* Resources */ = {
			isa = PBXResourcesBuildPhase;
			buildActionMask = 2147483647;
			files = (
			);
			runOnlyForDeploymentPostprocessing = 0;
		};
		FAFE0BA42409025600064A6B /* Resources */ = {
			isa = PBXResourcesBuildPhase;
			buildActionMask = 2147483647;
			files = (
			);
			runOnlyForDeploymentPostprocessing = 0;
		};
/* End PBXResourcesBuildPhase section */

/* Begin PBXSourcesBuildPhase section */
		FAFE0B812409025400064A6B /* Sources */ = {
			isa = PBXSourcesBuildPhase;
			buildActionMask = 2147483647;
			files = (
				FAFE0B8D2409025400064A6B /* ViewController.swift in Sources */,
				FAFE0B892409025400064A6B /* AppDelegate.swift in Sources */,
				FAFE0B8B2409025400064A6B /* SceneDelegate.swift in Sources */,
			);
			runOnlyForDeploymentPostprocessing = 0;
		};
		FAFE0B972409025600064A6B /* Sources */ = {
			isa = PBXSourcesBuildPhase;
			buildActionMask = 2147483647;
			files = (
				FAFE0BA02409025600064A6B /* algorithm_swiftTests.swift in Sources */,
			);
			runOnlyForDeploymentPostprocessing = 0;
		};
		FAFE0BA22409025600064A6B /* Sources */ = {
			isa = PBXSourcesBuildPhase;
			buildActionMask = 2147483647;
			files = (
				FAFE0BAB2409025600064A6B /* algorithm_swiftUITests.swift in Sources */,
			);
			runOnlyForDeploymentPostprocessing = 0;
		};
/* End PBXSourcesBuildPhase section */

/* Begin PBXTargetDependency section */
		FAFE0B9D2409025600064A6B /* PBXTargetDependency */ = {
			isa = PBXTargetDependency;
			target = FAFE0B842409025400064A6B /* algorithm-swift */;
			targetProxy = FAFE0B9C2409025600064A6B /* PBXContainerItemProxy */;
		};
		FAFE0BA82409025600064A6B /* PBXTargetDependency */ = {
			isa = PBXTargetDependency;
			target = FAFE0B842409025400064A6B /* algorithm-swift */;
			targetProxy = FAFE0BA72409025600064A6B /* PBXContainerItemProxy */;
		};
/* End PBXTargetDependency section */

/* Begin PBXVariantGroup section */
		FAFE0B8E2409025400064A6B /* Main.storyboard */ = {
			isa = PBXVariantGroup;
			children = (
				FAFE0B8F2409025400064A6B /* Base */,
			);
			name = Main.storyboard;
			sourceTree = "<group>";
		};
		FAFE0B932409025600064A6B /* LaunchScreen.storyboard */ = {
			isa = PBXVariantGroup;
			children = (
				FAFE0B942409025600064A6B /* Base */,
			);
			name = LaunchScreen.storyboard;
			sourceTree = "<group>";
		};
/* End PBXVariantGroup section */

/* Begin XCBuildConfiguration section */
		FAFE0BAD2409025600064A6B /* Debug */ = {
			isa = XCBuildConfiguration;
			buildSettings = {
				ALWAYS_SEARCH_USER_PATHS = NO;
				CLANG_ANALYZER_NONNULL = YES;
				CLANG_ANALYZER_NUMBER_OBJECT_CONVERSION = YES_AGGRESSIVE;
				CLANG_CXX_LANGUAGE_STANDARD = "gnu++14";
				CLANG_CXX_LIBRARY = "libc++";
				CLANG_ENABLE_MODULES = YES;
				CLANG_ENABLE_OBJC_ARC = YES;
				CLANG_ENABLE_OBJC_WEAK = YES;
				CLANG_WARN_BLOCK_CAPTURE_AUTORELEASING = YES;
				CLANG_WARN_BOOL_CONVERSION = YES;
				CLANG_WARN_COMMA = YES;
				CLANG_WARN_CONSTANT_CONVERSION = YES;
				CLANG_WARN_DEPRECATED_OBJC_IMPLEMENTATIONS = YES;
				CLANG_WARN_DIRECT_OBJC_ISA_USAGE = YES_ERROR;
				CLANG_WARN_DOCUMENTATION_COMMENTS = YES;
				CLANG_WARN_EMPTY_BODY = YES;
				CLANG_WARN_ENUM_CONVERSION = YES;
				CLANG_WARN_INFINITE_RECURSION = YES;
				CLANG_WARN_INT_CONVERSION = YES;
				CLANG_WARN_NON_LITERAL_NULL_CONVERSION = YES;
				CLANG_WARN_OBJC_IMPLICIT_RETAIN_SELF = YES;
				CLANG_WARN_OBJC_LITERAL_CONVERSION = YES;
				CLANG_WARN_OBJC_ROOT_CLASS = YES_ERROR;
				CLANG_WARN_RANGE_LOOP_ANALYSIS = YES;
				CLANG_WARN_STRICT_PROTOTYPES = YES;
				CLANG_WARN_SUSPICIOUS_MOVE = YES;
				CLANG_WARN_UNGUARDED_AVAILABILITY = YES_AGGRESSIVE;
				CLANG_WARN_UNREACHABLE_CODE = YES;
				CLANG_WARN__DUPLICATE_METHOD_MATCH = YES;
				COPY_PHASE_STRIP = NO;
				DEBUG_INFORMATION_FORMAT = dwarf;
				ENABLE_STRICT_OBJC_MSGSEND = YES;
				ENABLE_TESTABILITY = YES;
				GCC_C_LANGUAGE_STANDARD = gnu11;
				GCC_DYNAMIC_NO_PIC = NO;
				GCC_NO_COMMON_BLOCKS = YES;
				GCC_OPTIMIZATION_LEVEL = 0;
				GCC_PREPROCESSOR_DEFINITIONS = (
					"DEBUG=1",
					"$(inherited)",
				);
				GCC_WARN_64_TO_32_BIT_CONVERSION = YES;
				GCC_WARN_ABOUT_RETURN_TYPE = YES_ERROR;
				GCC_WARN_UNDECLARED_SELECTOR = YES;
				GCC_WARN_UNINITIALIZED_AUTOS = YES_AGGRESSIVE;
				GCC_WARN_UNUSED_FUNCTION = YES;
				GCC_WARN_UNUSED_VARIABLE = YES;
				IPHONEOS_DEPLOYMENT_TARGET = 13.1;
				MTL_ENABLE_DEBUG_INFO = INCLUDE_SOURCE;
				MTL_FAST_MATH = YES;
				ONLY_ACTIVE_ARCH = YES;
				SDKROOT = iphoneos;
				SWIFT_ACTIVE_COMPILATION_CONDITIONS = DEBUG;
				SWIFT_OPTIMIZATION_LEVEL = "-Onone";
			};
			name = Debug;
		};
		FAFE0BAE2409025600064A6B /* Release */ = {
			isa = XCBuildConfiguration;
			buildSettings = {
				ALWAYS_SEARCH_USER_PATHS = NO;
				CLANG_ANALYZER_NONNULL = YES;
				CLANG_ANALYZER_NUMBER_OBJECT_CONVERSION = YES_AGGRESSIVE;
				CLANG_CXX_LANGUAGE_STANDARD = "gnu++14";
				CLANG_CXX_LIBRARY = "libc++";
				CLANG_ENABLE_MODULES = YES;
				CLANG_ENABLE_OBJC_ARC = YES;
				CLANG_ENABLE_OBJC_WEAK = YES;
				CLANG_WARN_BLOCK_CAPTURE_AUTORELEASING = YES;
				CLANG_WARN_BOOL_CONVERSION = YES;
				CLANG_WARN_COMMA = YES;
				CLANG_WARN_CONSTANT_CONVERSION = YES;
				CLANG_WARN_DEPRECATED_OBJC_IMPLEMENTATIONS = YES;
				CLANG_WARN_DIRECT_OBJC_ISA_USAGE = YES_ERROR;
				CLANG_WARN_DOCUMENTATION_COMMENTS = YES;
				CLANG_WARN_EMPTY_BODY = YES;
				CLANG_WARN_ENUM_CONVERSION = YES;
				CLANG_WARN_INFINITE_RECURSION = YES;
				CLANG_WARN_INT_CONVERSION = YES;
				CLANG_WARN_NON_LITERAL_NULL_CONVERSION = YES;
				CLANG_WARN_OBJC_IMPLICIT_RETAIN_SELF = YES;
				CLANG_WARN_OBJC_LITERAL_CONVERSION = YES;
				CLANG_WARN_OBJC_ROOT_CLASS = YES_ERROR;
				CLANG_WARN_RANGE_LOOP_ANALYSIS = YES;
				CLANG_WARN_STRICT_PROTOTYPES = YES;
				CLANG_WARN_SUSPICIOUS_MOVE = YES;
				CLANG_WARN_UNGUARDED_AVAILABILITY = YES_AGGRESSIVE;
				CLANG_WARN_UNREACHABLE_CODE = YES;
				CLANG_WARN__DUPLICATE_METHOD_MATCH = YES;
				COPY_PHASE_STRIP = NO;
				DEBUG_INFORMATION_FORMAT = "dwarf-with-dsym";
				ENABLE_NS_ASSERTIONS = NO;
				ENABLE_STRICT_OBJC_MSGSEND = YES;
				GCC_C_LANGUAGE_STANDARD = gnu11;
				GCC_NO_COMMON_BLOCKS = YES;
				GCC_WARN_64_TO_32_BIT_CONVERSION = YES;
				GCC_WARN_ABOUT_RETURN_TYPE = YES_ERROR;
				GCC_WARN_UNDECLARED_SELECTOR = YES;
				GCC_WARN_UNINITIALIZED_AUTOS = YES_AGGRESSIVE;
				GCC_WARN_UNUSED_FUNCTION = YES;
				GCC_WARN_UNUSED_VARIABLE = YES;
				IPHONEOS_DEPLOYMENT_TARGET = 13.1;
				MTL_ENABLE_DEBUG_INFO = NO;
				MTL_FAST_MATH = YES;
				SDKROOT = iphoneos;
				SWIFT_COMPILATION_MODE = wholemodule;
				SWIFT_OPTIMIZATION_LEVEL = "-O";
				VALIDATE_PRODUCT = YES;
			};
			name = Release;
		};
		FAFE0BB02409025600064A6B /* Debug */ = {
			isa = XCBuildConfiguration;
			buildSettings = {
				ASSETCATALOG_COMPILER_APPICON_NAME = AppIcon;
				CODE_SIGN_STYLE = Automatic;
				DEVELOPMENT_TEAM = N7V2239BNW;
				INFOPLIST_FILE = "algorithm-swift/Info.plist";
				LD_RUNPATH_SEARCH_PATHS = (
					"$(inherited)",
					"@executable_path/Frameworks",
				);
				PRODUCT_BUNDLE_IDENTIFIER = "NTTDATA.algorithm-swift";
				PRODUCT_NAME = "$(TARGET_NAME)";
				SWIFT_VERSION = 5.0;
				TARGETED_DEVICE_FAMILY = "1,2";
			};
			name = Debug;
		};
		FAFE0BB12409025600064A6B /* Release */ = {
			isa = XCBuildConfiguration;
			buildSettings = {
				ASSETCATALOG_COMPILER_APPICON_NAME = AppIcon;
				CODE_SIGN_STYLE = Automatic;
				DEVELOPMENT_TEAM = N7V2239BNW;
				INFOPLIST_FILE = "algorithm-swift/Info.plist";
				LD_RUNPATH_SEARCH_PATHS = (
					"$(inherited)",
					"@executable_path/Frameworks",
				);
				PRODUCT_BUNDLE_IDENTIFIER = "NTTDATA.algorithm-swift";
				PRODUCT_NAME = "$(TARGET_NAME)";
				SWIFT_VERSION = 5.0;
				TARGETED_DEVICE_FAMILY = "1,2";
			};
			name = Release;
		};
		FAFE0BB32409025600064A6B /* Debug */ = {
			isa = XCBuildConfiguration;
			buildSettings = {
				ALWAYS_EMBED_SWIFT_STANDARD_LIBRARIES = YES;
				BUNDLE_LOADER = "$(TEST_HOST)";
				CODE_SIGN_STYLE = Automatic;
				DEVELOPMENT_TEAM = N7V2239BNW;
				INFOPLIST_FILE = "algorithm-swiftTests/Info.plist";
				IPHONEOS_DEPLOYMENT_TARGET = 13.1;
				LD_RUNPATH_SEARCH_PATHS = (
					"$(inherited)",
					"@executable_path/Frameworks",
					"@loader_path/Frameworks",
				);
				PRODUCT_BUNDLE_IDENTIFIER = "NTTDATA.algorithm-swiftTests";
				PRODUCT_NAME = "$(TARGET_NAME)";
				SWIFT_VERSION = 5.0;
				TARGETED_DEVICE_FAMILY = "1,2";
				TEST_HOST = "$(BUILT_PRODUCTS_DIR)/algorithm-swift.app/algorithm-swift";
			};
			name = Debug;
		};
		FAFE0BB42409025600064A6B /* Release */ = {
			isa = XCBuildConfiguration;
			buildSettings = {
				ALWAYS_EMBED_SWIFT_STANDARD_LIBRARIES = YES;
				BUNDLE_LOADER = "$(TEST_HOST)";
				CODE_SIGN_STYLE = Automatic;
				DEVELOPMENT_TEAM = N7V2239BNW;
				INFOPLIST_FILE = "algorithm-swiftTests/Info.plist";
				IPHONEOS_DEPLOYMENT_TARGET = 13.1;
				LD_RUNPATH_SEARCH_PATHS = (
					"$(inherited)",
					"@executable_path/Frameworks",
					"@loader_path/Frameworks",
				);
				PRODUCT_BUNDLE_IDENTIFIER = "NTTDATA.algorithm-swiftTests";
				PRODUCT_NAME = "$(TARGET_NAME)";
				SWIFT_VERSION = 5.0;
				TARGETED_DEVICE_FAMILY = "1,2";
				TEST_HOST = "$(BUILT_PRODUCTS_DIR)/algorithm-swift.app/algorithm-swift";
			};
			name = Release;
		};
		FAFE0BB62409025600064A6B /* Debug */ = {
			isa = XCBuildConfiguration;
			buildSettings = {
				ALWAYS_EMBED_SWIFT_STANDARD_LIBRARIES = YES;
				CODE_SIGN_STYLE = Automatic;
				DEVELOPMENT_TEAM = N7V2239BNW;
				INFOPLIST_FILE = "algorithm-swiftUITests/Info.plist";
				LD_RUNPATH_SEARCH_PATHS = (
					"$(inherited)",
					"@executable_path/Frameworks",
					"@loader_path/Frameworks",
				);
				PRODUCT_BUNDLE_IDENTIFIER = "NTTDATA.algorithm-swiftUITests";
				PRODUCT_NAME = "$(TARGET_NAME)";
				SWIFT_VERSION = 5.0;
				TARGETED_DEVICE_FAMILY = "1,2";
				TEST_TARGET_NAME = "algorithm-swift";
			};
			name = Debug;
		};
		FAFE0BB72409025600064A6B /* Release */ = {
			isa = XCBuildConfiguration;
			buildSettings = {
				ALWAYS_EMBED_SWIFT_STANDARD_LIBRARIES = YES;
				CODE_SIGN_STYLE = Automatic;
				DEVELOPMENT_TEAM = N7V2239BNW;
				INFOPLIST_FILE = "algorithm-swiftUITests/Info.plist";
				LD_RUNPATH_SEARCH_PATHS = (
					"$(inherited)",
					"@executable_path/Frameworks",
					"@loader_path/Frameworks",
				);
				PRODUCT_BUNDLE_IDENTIFIER = "NTTDATA.algorithm-swiftUITests";
				PRODUCT_NAME = "$(TARGET_NAME)";
				SWIFT_VERSION = 5.0;
				TARGETED_DEVICE_FAMILY = "1,2";
				TEST_TARGET_NAME = "algorithm-swift";
			};
			name = Release;
		};
/* End XCBuildConfiguration section */

/* Begin XCConfigurationList section */
		FAFE0B802409025400064A6B /* Build configuration list for PBXProject "algorithm-swift" */ = {
			isa = XCConfigurationList;
			buildConfigurations = (
				FAFE0BAD2409025600064A6B /* Debug */,
				FAFE0BAE2409025600064A6B /* Release */,
			);
			defaultConfigurationIsVisible = 0;
			defaultConfigurationName = Release;
		};
		FAFE0BAF2409025600064A6B /* Build configuration list for PBXNativeTarget "algorithm-swift" */ = {
			isa = XCConfigurationList;
			buildConfigurations = (
				FAFE0BB02409025600064A6B /* Debug */,
				FAFE0BB12409025600064A6B /* Release */,
			);
			defaultConfigurationIsVisible = 0;
			defaultConfigurationName = Release;
		};
		FAFE0BB22409025600064A6B /* Build configuration list for PBXNativeTarget "algorithm-swiftTests" */ = {
			isa = XCConfigurationList;
			buildConfigurations = (
				FAFE0BB32409025600064A6B /* Debug */,
				FAFE0BB42409025600064A6B /* Release */,
			);
			defaultConfigurationIsVisible = 0;
			defaultConfigurationName = Release;
		};
		FAFE0BB52409025600064A6B /* Build configuration list for PBXNativeTarget "algorithm-swiftUITests" */ = {
			isa = XCConfigurationList;
			buildConfigurations = (
				FAFE0BB62409025600064A6B /* Debug */,
				FAFE0BB72409025600064A6B /* Release */,
			);
			defaultConfigurationIsVisible = 0;
			defaultConfigurationName = Release;
		};
/* End XCConfigurationList section */
	};
	rootObject = FAFE0B7D2409025400064A6B /* Project object */;
}
